
Microsoft Visual Studio Solution File, Format Version 12.00
# Visual Studio Version 17
VisualStudioVersion = 17.5.2.0
MinimumVisualStudioVersion = 10.0.40219.1
Project("{FAE04EC0-301F-11D3-BF4B-00C04F79EFBC}") = "ResumeQRCodeAPI", "ResumeQRCodeAPI.csproj", "{2209ACF3-41EA-8797-3C2C-E3722C136967}"
EndProject
Global
	GlobalSection(SolutionConfigurationPlatforms) = preSolution
		Debug|Any CPU = Debug|Any CPU
		Release|Any CPU = Release|Any CPU
	EndGlobalSection
	GlobalSection(ProjectConfigurationPlatforms) = postSolution
		{2209ACF3-41EA-8797-3C2C-E3722C136967}.Debug|Any CPU.ActiveCfg = Debug|Any CPU
		{2209ACF3-41EA-8797-3C2C-E3722C136967}.Debug|Any CPU.Build.0 = Debug|Any CPU
		{2209ACF3-41EA-8797-3C2C-E3722C136967}.Release|Any CPU.ActiveCfg = Release|Any CPU
		{2209ACF3-41EA-8797-3C2C-E3722C136967}.Release|Any CPU.Build.0 = Release|Any CPU
	EndGlobalSection
	GlobalSection(SolutionProperties) = preSolution
		HideSolutionNode = FALSE
	EndGlobalSection
	GlobalSection(ExtensibilityGlobals) = postSolution
		SolutionGuid = {E31FFC1E-7476-4291-807D-9158B8A703AD}
	EndGlobalSection
EndGlobal
